
Microsoft Visual Studio Solution File, Format Version 12.00
# Visual Studio Version 17
VisualStudioVersion = 17.0.31903.59
MinimumVisualStudioVersion = 10.0.40219.1
Project("{2150E333-8FDC-42A3-9474-1A3956D46DE8}") = "src", "src", "{3C2301C0-129B-4FAA-8ED5-73E23146E200}"
EndProject
Project("{9A19103F-16F7-4668-BE54-9A1E7A4F7556}") = "Helveg", "src\Helveg\Helveg.csproj", "{601B61A9-A4D1-4A25-8A64-07C4144CC80A}"
EndProject
Project("{9A19103F-16F7-4668-BE54-9A1E7A4F7556}") = "Helveg.CSharp", "src\Helveg.CSharp\Helveg.CSharp.csproj", "{E34ACA44-B424-4D49-9B4B-09A58EBC540A}"
EndProject
Project("{2150E333-8FDC-42A3-9474-1A3956D46DE8}") = "Solution Items", "Solution Items", "{6898D2C5-50A8-4448-8F7F-02E4A9F5C385}"
	ProjectSection(SolutionItems) = preProject
		.editorconfig = .editorconfig
		.gitignore = .gitignore
		.gitlab-ci.yml = .gitlab-ci.yml
		Directory.Build.props = Directory.Build.props
		LICENSE = LICENSE
		NuGet.config = NuGet.config
		README.md = README.md
	EndProjectSection
EndProject
Project("{9A19103F-16F7-4668-BE54-9A1E7A4F7556}") = "Helveg.Abstractions", "src\Helveg.Abstractions\Helveg.Abstractions.csproj", "{3AB45091-373A-42D8-B13C-2840FD7365A1}"
EndProject
Project("{9A19103F-16F7-4668-BE54-9A1E7A4F7556}") = "Helveg.Playground", "src\Helveg.Playground\Helveg.Playground.csproj", "{91F82255-EE85-4DAF-AB4C-A8E649EE5716}"
EndProject
Project("{9A19103F-16F7-4668-BE54-9A1E7A4F7556}") = "Helveg.Visualization", "src\Helveg.Visualization\Helveg.Visualization.csproj", "{10A8EA67-0D49-4EFE-A846-28363CA2B9E2}"
EndProject
Global
	GlobalSection(SolutionConfigurationPlatforms) = preSolution
		Debug|Any CPU = Debug|Any CPU
		Release|Any CPU = Release|Any CPU
	EndGlobalSection
	GlobalSection(ProjectConfigurationPlatforms) = postSolution
		{601B61A9-A4D1-4A25-8A64-07C4144CC80A}.Debug|Any CPU.ActiveCfg = Debug|Any CPU
		{601B61A9-A4D1-4A25-8A64-07C4144CC80A}.Debug|Any CPU.Build.0 = Debug|Any CPU
		{601B61A9-A4D1-4A25-8A64-07C4144CC80A}.Release|Any CPU.ActiveCfg = Release|Any CPU
		{601B61A9-A4D1-4A25-8A64-07C4144CC80A}.Release|Any CPU.Build.0 = Release|Any CPU
		{E34ACA44-B424-4D49-9B4B-09A58EBC540A}.Debug|Any CPU.ActiveCfg = Debug|Any CPU
		{E34ACA44-B424-4D49-9B4B-09A58EBC540A}.Debug|Any CPU.Build.0 = Debug|Any CPU
		{E34ACA44-B424-4D49-9B4B-09A58EBC540A}.Release|Any CPU.ActiveCfg = Release|Any CPU
		{E34ACA44-B424-4D49-9B4B-09A58EBC540A}.Release|Any CPU.Build.0 = Release|Any CPU
		{3AB45091-373A-42D8-B13C-2840FD7365A1}.Debug|Any CPU.ActiveCfg = Debug|Any CPU
		{3AB45091-373A-42D8-B13C-2840FD7365A1}.Debug|Any CPU.Build.0 = Debug|Any CPU
		{3AB45091-373A-42D8-B13C-2840FD7365A1}.Release|Any CPU.ActiveCfg = Release|Any CPU
		{3AB45091-373A-42D8-B13C-2840FD7365A1}.Release|Any CPU.Build.0 = Release|Any CPU
		{91F82255-EE85-4DAF-AB4C-A8E649EE5716}.Debug|Any CPU.ActiveCfg = Debug|Any CPU
		{91F82255-EE85-4DAF-AB4C-A8E649EE5716}.Debug|Any CPU.Build.0 = Debug|Any CPU
		{91F82255-EE85-4DAF-AB4C-A8E649EE5716}.Release|Any CPU.ActiveCfg = Release|Any CPU
		{91F82255-EE85-4DAF-AB4C-A8E649EE5716}.Release|Any CPU.Build.0 = Release|Any CPU
		{10A8EA67-0D49-4EFE-A846-28363CA2B9E2}.Debug|Any CPU.ActiveCfg = Debug|Any CPU
		{10A8EA67-0D49-4EFE-A846-28363CA2B9E2}.Debug|Any CPU.Build.0 = Debug|Any CPU
		{10A8EA67-0D49-4EFE-A846-28363CA2B9E2}.Release|Any CPU.ActiveCfg = Release|Any CPU
		{10A8EA67-0D49-4EFE-A846-28363CA2B9E2}.Release|Any CPU.Build.0 = Release|Any CPU
	EndGlobalSection
	GlobalSection(SolutionProperties) = preSolution
		HideSolutionNode = FALSE
	EndGlobalSection
	GlobalSection(NestedProjects) = preSolution
		{601B61A9-A4D1-4A25-8A64-07C4144CC80A} = {3C2301C0-129B-4FAA-8ED5-73E23146E200}
		{E34ACA44-B424-4D49-9B4B-09A58EBC540A} = {3C2301C0-129B-4FAA-8ED5-73E23146E200}
		{3AB45091-373A-42D8-B13C-2840FD7365A1} = {3C2301C0-129B-4FAA-8ED5-73E23146E200}
		{91F82255-EE85-4DAF-AB4C-A8E649EE5716} = {3C2301C0-129B-4FAA-8ED5-73E23146E200}
		{10A8EA67-0D49-4EFE-A846-28363CA2B9E2} = {3C2301C0-129B-4FAA-8ED5-73E23146E200}
	EndGlobalSection
	GlobalSection(ExtensibilityGlobals) = postSolution
		SolutionGuid = {307F2699-A32F-4386-A8D3-2DBE2B0F6B15}
	EndGlobalSection
EndGlobal
